
Microsoft Visual Studio Solution File, Format Version 12.00
# Visual Studio Version 17
VisualStudioVersion = 17.1.32414.318
MinimumVisualStudioVersion = 10.0.40219.1
Project("{FAE04EC0-301F-11D3-BF4B-00C04F79EFBC}") = "Courserep", "Courserep\Courserep.csproj", "{D3DCCD10-A2F1-4A72-8E32-8783DA5886EC}"
EndProject
Project("{FAE04EC0-301F-11D3-BF4B-00C04F79EFBC}") = "Contracts", "Contracts\Contracts.csproj", "{0EB4D273-1DA5-4EBD-BD0A-57A171156487}"
EndProject
Project("{FAE04EC0-301F-11D3-BF4B-00C04F79EFBC}") = "Entities", "Entities\Entities.csproj", "{28CD9274-4139-4B60-AB80-530CF460076E}"
EndProject
Global
	GlobalSection(SolutionConfigurationPlatforms) = preSolution
		Debug|Any CPU = Debug|Any CPU
		Release|Any CPU = Release|Any CPU
	EndGlobalSection
	GlobalSection(ProjectConfigurationPlatforms) = postSolution
		{D3DCCD10-A2F1-4A72-8E32-8783DA5886EC}.Debug|Any CPU.ActiveCfg = Debug|Any CPU
		{D3DCCD10-A2F1-4A72-8E32-8783DA5886EC}.Debug|Any CPU.Build.0 = Debug|Any CPU
		{D3DCCD10-A2F1-4A72-8E32-8783DA5886EC}.Release|Any CPU.ActiveCfg = Release|Any CPU
		{D3DCCD10-A2F1-4A72-8E32-8783DA5886EC}.Release|Any CPU.Build.0 = Release|Any CPU
		{0EB4D273-1DA5-4EBD-BD0A-57A171156487}.Debug|Any CPU.ActiveCfg = Debug|Any CPU
		{0EB4D273-1DA5-4EBD-BD0A-57A171156487}.Debug|Any CPU.Build.0 = Debug|Any CPU
		{0EB4D273-1DA5-4EBD-BD0A-57A171156487}.Release|Any CPU.ActiveCfg = Release|Any CPU
		{0EB4D273-1DA5-4EBD-BD0A-57A171156487}.Release|Any CPU.Build.0 = Release|Any CPU
		{28CD9274-4139-4B60-AB80-530CF460076E}.Debug|Any CPU.ActiveCfg = Debug|Any CPU
		{28CD9274-4139-4B60-AB80-530CF460076E}.Debug|Any CPU.Build.0 = Debug|Any CPU
		{28CD9274-4139-4B60-AB80-530CF460076E}.Release|Any CPU.ActiveCfg = Release|Any CPU
		{28CD9274-4139-4B60-AB80-530CF460076E}.Release|Any CPU.Build.0 = Release|Any CPU
	EndGlobalSection
	GlobalSection(SolutionProperties) = preSolution
		HideSolutionNode = FALSE
	EndGlobalSection
	GlobalSection(ExtensibilityGlobals) = postSolution
		SolutionGuid = {6DD03BA3-C5F4-492D-83C6-145DA53A3DD1}
	EndGlobalSection
EndGlobal
